
Microsoft Visual Studio Solution File, Format Version 12.00
# Visual Studio Version 16
VisualStudioVersion = 16.0.31911.196
MinimumVisualStudioVersion = 10.0.40219.1
Project("{FAE04EC0-301F-11D3-BF4B-00C04F79EFBC}") = "AdminLte3", "AdminLte3\AdminLte3.csproj", "{BC2AB411-913F-427A-8D89-FCA1D273DB64}"
EndProject
Global
	GlobalSection(SolutionConfigurationPlatforms) = preSolution
		Debug|Any CPU = Debug|Any CPU
		Release|Any CPU = Release|Any CPU
	EndGlobalSection
	GlobalSection(ProjectConfigurationPlatforms) = postSolution
		{BC2AB411-913F-427A-8D89-FCA1D273DB64}.Debug|Any CPU.ActiveCfg = Debug|Any CPU
		{BC2AB411-913F-427A-8D89-FCA1D273DB64}.Debug|Any CPU.Build.0 = Debug|Any CPU
		{BC2AB411-913F-427A-8D89-FCA1D273DB64}.Release|Any CPU.ActiveCfg = Release|Any CPU
		{BC2AB411-913F-427A-8D89-FCA1D273DB64}.Release|Any CPU.Build.0 = Release|Any CPU
	EndGlobalSection
	GlobalSection(SolutionProperties) = preSolution
		HideSolutionNode = FALSE
	EndGlobalSection
	GlobalSection(ExtensibilityGlobals) = postSolution
		SolutionGuid = {AFDEAB45-03E7-431A-BF81-8807B3A55605}
	EndGlobalSection
EndGlobal
